
Microsoft Visual Studio Solution File, Format Version 12.00
# Visual Studio 15
VisualStudioVersion = 15.0.25123.0
MinimumVisualStudioVersion = 10.0.40219.1
Project("{FAE04EC0-301F-11D3-BF4B-00C04F79EFBC}") = "Log4NetDemo", "Log4NetDemo\Log4NetDemo.csproj", "{9C04641A-D407-44B0-92E5-8548231A6482}"
EndProject
Project("{FAE04EC0-301F-11D3-BF4B-00C04F79EFBC}") = "Log4NetLibrary", "Log4NetLibrary\Log4NetLibrary.csproj", "{8FABE047-0845-4188-AEA8-2CC0A09385D0}"
EndProject
Global
	GlobalSection(SolutionConfigurationPlatforms) = preSolution
		Debug|Any CPU = Debug|Any CPU
		Release|Any CPU = Release|Any CPU
	EndGlobalSection
	GlobalSection(ProjectConfigurationPlatforms) = postSolution
		{9C04641A-D407-44B0-92E5-8548231A6482}.Debug|Any CPU.ActiveCfg = Debug|Any CPU
		{9C04641A-D407-44B0-92E5-8548231A6482}.Debug|Any CPU.Build.0 = Debug|Any CPU
		{9C04641A-D407-44B0-92E5-8548231A6482}.Release|Any CPU.ActiveCfg = Release|Any CPU
		{9C04641A-D407-44B0-92E5-8548231A6482}.Release|Any CPU.Build.0 = Release|Any CPU
		{8FABE047-0845-4188-AEA8-2CC0A09385D0}.Debug|Any CPU.ActiveCfg = Debug|Any CPU
		{8FABE047-0845-4188-AEA8-2CC0A09385D0}.Debug|Any CPU.Build.0 = Debug|Any CPU
		{8FABE047-0845-4188-AEA8-2CC0A09385D0}.Release|Any CPU.ActiveCfg = Release|Any CPU
		{8FABE047-0845-4188-AEA8-2CC0A09385D0}.Release|Any CPU.Build.0 = Release|Any CPU
	EndGlobalSection
	GlobalSection(SolutionProperties) = preSolution
		HideSolutionNode = FALSE
	EndGlobalSection
EndGlobal
